
Microsoft Visual Studio Solution File, Format Version 12.00
# Visual Studio 14
VisualStudioVersion = 14.0.25123.0
MinimumVisualStudioVersion = 10.0.40219.1
Project("{FAE04EC0-301F-11D3-BF4B-00C04F79EFBC}") = "taglib-sharp", "src\taglib-sharp.csproj", "{6B143A39-C7B2-4743-9917-92262C60E9A6}"
EndProject
Project("{FAE04EC0-301F-11D3-BF4B-00C04F79EFBC}") = "tests", "tests\tests.csproj", "{4D1C6110-D6F2-496E-BD7E-E45B7217D458}"
EndProject
Project("{FAE04EC0-301F-11D3-BF4B-00C04F79EFBC}") = "taglib-sharp-pcl", "taglib-sharp-pcl\taglib-sharp-pcl.csproj", "{49C426BF-D0AB-4AA7-89CA-992A3453E2AD}"
EndProject
Project("{FAE04EC0-301F-11D3-BF4B-00C04F79EFBC}") = "taglib-sharp-windows", "taglib-sharp-windows\taglib-sharp-windows.csproj", "{3F6C9AE9-740C-4F18-9F0C-8F01E178F681}"
EndProject
Project("{FAE04EC0-301F-11D3-BF4B-00C04F79EFBC}") = "taglib-sharp-android", "taglib-sharp-android\taglib-sharp-android.csproj", "{1A9E96F1-F66A-4D86-9AE0-3DF852E3F504}"
EndProject
Project("{FAE04EC0-301F-11D3-BF4B-00C04F79EFBC}") = "taglib-sharp-ios", "taglib-sharp-ios\taglib-sharp-ios.csproj", "{32F34F56-1D71-45F7-8FAA-5B8F2761DB17}"
EndProject
Project("{FAE04EC0-301F-11D3-BF4B-00C04F79EFBC}") = "taglib-sharp-uwp", "taglib-sharp-uwp\taglib-sharp-uwp.csproj", "{021A4B0C-81EF-4262-AA80-866DAA7830EE}"
EndProject
Global
	GlobalSection(SolutionConfigurationPlatforms) = preSolution
		AppStore|Any CPU = AppStore|Any CPU
		AppStore|ARM = AppStore|ARM
		AppStore|x64 = AppStore|x64
		AppStore|x86 = AppStore|x86
		Debug|Any CPU = Debug|Any CPU
		Debug|ARM = Debug|ARM
		Debug|x64 = Debug|x64
		Debug|x86 = Debug|x86
		Release|Any CPU = Release|Any CPU
		Release|ARM = Release|ARM
		Release|x64 = Release|x64
		Release|x86 = Release|x86
	EndGlobalSection
	GlobalSection(ProjectConfigurationPlatforms) = postSolution
		{6B143A39-C7B2-4743-9917-92262C60E9A6}.AppStore|Any CPU.ActiveCfg = Release|Any CPU
		{6B143A39-C7B2-4743-9917-92262C60E9A6}.AppStore|Any CPU.Build.0 = Release|Any CPU
		{6B143A39-C7B2-4743-9917-92262C60E9A6}.AppStore|ARM.ActiveCfg = Release|Any CPU
		{6B143A39-C7B2-4743-9917-92262C60E9A6}.AppStore|ARM.Build.0 = Release|Any CPU
		{6B143A39-C7B2-4743-9917-92262C60E9A6}.AppStore|x64.ActiveCfg = Release|Any CPU
		{6B143A39-C7B2-4743-9917-92262C60E9A6}.AppStore|x64.Build.0 = Release|Any CPU
		{6B143A39-C7B2-4743-9917-92262C60E9A6}.AppStore|x86.ActiveCfg = Release|Any CPU
		{6B143A39-C7B2-4743-9917-92262C60E9A6}.AppStore|x86.Build.0 = Release|Any CPU
		{6B143A39-C7B2-4743-9917-92262C60E9A6}.Debug|Any CPU.ActiveCfg = Debug|Any CPU
		{6B143A39-C7B2-4743-9917-92262C60E9A6}.Debug|Any CPU.Build.0 = Debug|Any CPU
		{6B143A39-C7B2-4743-9917-92262C60E9A6}.Debug|ARM.ActiveCfg = Debug|Any CPU
		{6B143A39-C7B2-4743-9917-92262C60E9A6}.Debug|ARM.Build.0 = Debug|Any CPU
		{6B143A39-C7B2-4743-9917-92262C60E9A6}.Debug|x64.ActiveCfg = Debug|Any CPU
		{6B143A39-C7B2-4743-9917-92262C60E9A6}.Debug|x64.Build.0 = Debug|Any CPU
		{6B143A39-C7B2-4743-9917-92262C60E9A6}.Debug|x86.ActiveCfg = Debug|Any CPU
		{6B143A39-C7B2-4743-9917-92262C60E9A6}.Debug|x86.Build.0 = Debug|Any CPU
		{6B143A39-C7B2-4743-9917-92262C60E9A6}.Release|Any CPU.ActiveCfg = Release|Any CPU
		{6B143A39-C7B2-4743-9917-92262C60E9A6}.Release|Any CPU.Build.0 = Release|Any CPU
		{6B143A39-C7B2-4743-9917-92262C60E9A6}.Release|ARM.ActiveCfg = Release|Any CPU
		{6B143A39-C7B2-4743-9917-92262C60E9A6}.Release|ARM.Build.0 = Release|Any CPU
		{6B143A39-C7B2-4743-9917-92262C60E9A6}.Release|x64.ActiveCfg = Release|Any CPU
		{6B143A39-C7B2-4743-9917-92262C60E9A6}.Release|x64.Build.0 = Release|Any CPU
		{6B143A39-C7B2-4743-9917-92262C60E9A6}.Release|x86.ActiveCfg = Release|Any CPU
		{6B143A39-C7B2-4743-9917-92262C60E9A6}.Release|x86.Build.0 = Release|Any CPU
		{4D1C6110-D6F2-496E-BD7E-E45B7217D458}.AppStore|Any CPU.ActiveCfg = Release|Any CPU
		{4D1C6110-D6F2-496E-BD7E-E45B7217D458}.AppStore|Any CPU.Build.0 = Release|Any CPU
		{4D1C6110-D6F2-496E-BD7E-E45B7217D458}.AppStore|ARM.ActiveCfg = Release|Any CPU
		{4D1C6110-D6F2-496E-BD7E-E45B7217D458}.AppStore|ARM.Build.0 = Release|Any CPU
		{4D1C6110-D6F2-496E-BD7E-E45B7217D458}.AppStore|x64.ActiveCfg = Release|Any CPU
		{4D1C6110-D6F2-496E-BD7E-E45B7217D458}.AppStore|x64.Build.0 = Release|Any CPU
		{4D1C6110-D6F2-496E-BD7E-E45B7217D458}.AppStore|x86.ActiveCfg = Release|Any CPU
		{4D1C6110-D6F2-496E-BD7E-E45B7217D458}.AppStore|x86.Build.0 = Release|Any CPU
		{4D1C6110-D6F2-496E-BD7E-E45B7217D458}.Debug|Any CPU.ActiveCfg = Debug|Any CPU
		{4D1C6110-D6F2-496E-BD7E-E45B7217D458}.Debug|Any CPU.Build.0 = Debug|Any CPU
		{4D1C6110-D6F2-496E-BD7E-E45B7217D458}.Debug|ARM.ActiveCfg = Debug|Any CPU
		{4D1C6110-D6F2-496E-BD7E-E45B7217D458}.Debug|ARM.Build.0 = Debug|Any CPU
		{4D1C6110-D6F2-496E-BD7E-E45B7217D458}.Debug|x64.ActiveCfg = Debug|Any CPU
		{4D1C6110-D6F2-496E-BD7E-E45B7217D458}.Debug|x64.Build.0 = Debug|Any CPU
		{4D1C6110-D6F2-496E-BD7E-E45B7217D458}.Debug|x86.ActiveCfg = Debug|Any CPU
		{4D1C6110-D6F2-496E-BD7E-E45B7217D458}.Debug|x86.Build.0 = Debug|Any CPU
		{4D1C6110-D6F2-496E-BD7E-E45B7217D458}.Release|Any CPU.ActiveCfg = Release|Any CPU
		{4D1C6110-D6F2-496E-BD7E-E45B7217D458}.Release|Any CPU.Build.0 = Release|Any CPU
		{4D1C6110-D6F2-496E-BD7E-E45B7217D458}.Release|ARM.ActiveCfg = Release|Any CPU
		{4D1C6110-D6F2-496E-BD7E-E45B7217D458}.Release|ARM.Build.0 = Release|Any CPU
		{4D1C6110-D6F2-496E-BD7E-E45B7217D458}.Release|x64.ActiveCfg = Release|Any CPU
		{4D1C6110-D6F2-496E-BD7E-E45B7217D458}.Release|x64.Build.0 = Release|Any CPU
		{4D1C6110-D6F2-496E-BD7E-E45B7217D458}.Release|x86.ActiveCfg = Release|Any CPU
		{4D1C6110-D6F2-496E-BD7E-E45B7217D458}.Release|x86.Build.0 = Release|Any CPU
		{49C426BF-D0AB-4AA7-89CA-992A3453E2AD}.AppStore|Any CPU.ActiveCfg = Release|Any CPU
		{49C426BF-D0AB-4AA7-89CA-992A3453E2AD}.AppStore|Any CPU.Build.0 = Release|Any CPU
		{49C426BF-D0AB-4AA7-89CA-992A3453E2AD}.AppStore|ARM.ActiveCfg = Release|Any CPU
		{49C426BF-D0AB-4AA7-89CA-992A3453E2AD}.AppStore|ARM.Build.0 = Release|Any CPU
		{49C426BF-D0AB-4AA7-89CA-992A3453E2AD}.AppStore|x64.ActiveCfg = Release|Any CPU
		{49C426BF-D0AB-4AA7-89CA-992A3453E2AD}.AppStore|x64.Build.0 = Release|Any CPU
		{49C426BF-D0AB-4AA7-89CA-992A3453E2AD}.AppStore|x86.ActiveCfg = Release|Any CPU
		{49C426BF-D0AB-4AA7-89CA-992A3453E2AD}.AppStore|x86.Build.0 = Release|Any CPU
		{49C426BF-D0AB-4AA7-89CA-992A3453E2AD}.Debug|Any CPU.ActiveCfg = Debug|Any CPU
		{49C426BF-D0AB-4AA7-89CA-992A3453E2AD}.Debug|Any CPU.Build.0 = Debug|Any CPU
		{49C426BF-D0AB-4AA7-89CA-992A3453E2AD}.Debug|ARM.ActiveCfg = Debug|Any CPU
		{49C426BF-D0AB-4AA7-89CA-992A3453E2AD}.Debug|ARM.Build.0 = Debug|Any CPU
		{49C426BF-D0AB-4AA7-89CA-992A3453E2AD}.Debug|x64.ActiveCfg = Debug|Any CPU
		{49C426BF-D0AB-4AA7-89CA-992A3453E2AD}.Debug|x64.Build.0 = Debug|Any CPU
		{49C426BF-D0AB-4AA7-89CA-992A3453E2AD}.Debug|x86.ActiveCfg = Debug|Any CPU
		{49C426BF-D0AB-4AA7-89CA-992A3453E2AD}.Debug|x86.Build.0 = Debug|Any CPU
		{49C426BF-D0AB-4AA7-89CA-992A3453E2AD}.Release|Any CPU.ActiveCfg = Release|Any CPU
		{49C426BF-D0AB-4AA7-89CA-992A3453E2AD}.Release|Any CPU.Build.0 = Release|Any CPU
		{49C426BF-D0AB-4AA7-89CA-992A3453E2AD}.Release|ARM.ActiveCfg = Release|Any CPU
		{49C426BF-D0AB-4AA7-89CA-992A3453E2AD}.Release|ARM.Build.0 = Release|Any CPU
		{49C426BF-D0AB-4AA7-89CA-992A3453E2AD}.Release|x64.ActiveCfg = Release|Any CPU
		{49C426BF-D0AB-4AA7-89CA-992A3453E2AD}.Release|x64.Build.0 = Release|Any CPU
		{49C426BF-D0AB-4AA7-89CA-992A3453E2AD}.Release|x86.ActiveCfg = Release|Any CPU
		{49C426BF-D0AB-4AA7-89CA-992A3453E2AD}.Release|x86.Build.0 = Release|Any CPU
		{3F6C9AE9-740C-4F18-9F0C-8F01E178F681}.AppStore|Any CPU.ActiveCfg = Release|Any CPU
		{3F6C9AE9-740C-4F18-9F0C-8F01E178F681}.AppStore|Any CPU.Build.0 = Release|Any CPU
		{3F6C9AE9-740C-4F18-9F0C-8F01E178F681}.AppStore|ARM.ActiveCfg = Release|Any CPU
		{3F6C9AE9-740C-4F18-9F0C-8F01E178F681}.AppStore|ARM.Build.0 = Release|Any CPU
		{3F6C9AE9-740C-4F18-9F0C-8F01E178F681}.AppStore|x64.ActiveCfg = Release|Any CPU
		{3F6C9AE9-740C-4F18-9F0C-8F01E178F681}.AppStore|x64.Build.0 = Release|Any CPU
		{3F6C9AE9-740C-4F18-9F0C-8F01E178F681}.AppStore|x86.ActiveCfg = Release|Any CPU
		{3F6C9AE9-740C-4F18-9F0C-8F01E178F681}.AppStore|x86.Build.0 = Release|Any CPU
		{3F6C9AE9-740C-4F18-9F0C-8F01E178F681}.Debug|Any CPU.ActiveCfg = Debug|Any CPU
		{3F6C9AE9-740C-4F18-9F0C-8F01E178F681}.Debug|Any CPU.Build.0 = Debug|Any CPU
		{3F6C9AE9-740C-4F18-9F0C-8F01E178F681}.Debug|ARM.ActiveCfg = Debug|Any CPU
		{3F6C9AE9-740C-4F18-9F0C-8F01E178F681}.Debug|ARM.Build.0 = Debug|Any CPU
		{3F6C9AE9-740C-4F18-9F0C-8F01E178F681}.Debug|x64.ActiveCfg = Debug|Any CPU
		{3F6C9AE9-740C-4F18-9F0C-8F01E178F681}.Debug|x64.Build.0 = Debug|Any CPU
		{3F6C9AE9-740C-4F18-9F0C-8F01E178F681}.Debug|x86.ActiveCfg = Debug|Any CPU
		{3F6C9AE9-740C-4F18-9F0C-8F01E178F681}.Debug|x86.Build.0 = Debug|Any CPU
		{3F6C9AE9-740C-4F18-9F0C-8F01E178F681}.Release|Any CPU.ActiveCfg = Release|Any CPU
		{3F6C9AE9-740C-4F18-9F0C-8F01E178F681}.Release|Any CPU.Build.0 = Release|Any CPU
		{3F6C9AE9-740C-4F18-9F0C-8F01E178F681}.Release|ARM.ActiveCfg = Release|Any CPU
		{3F6C9AE9-740C-4F18-9F0C-8F01E178F681}.Release|ARM.Build.0 = Release|Any CPU
		{3F6C9AE9-740C-4F18-9F0C-8F01E178F681}.Release|x64.ActiveCfg = Release|Any CPU
		{3F6C9AE9-740C-4F18-9F0C-8F01E178F681}.Release|x64.Build.0 = Release|Any CPU
		{3F6C9AE9-740C-4F18-9F0C-8F01E178F681}.Release|x86.ActiveCfg = Release|Any CPU
		{3F6C9AE9-740C-4F18-9F0C-8F01E178F681}.Release|x86.Build.0 = Release|Any CPU
		{1A9E96F1-F66A-4D86-9AE0-3DF852E3F504}.AppStore|Any CPU.ActiveCfg = Release|Any CPU
		{1A9E96F1-F66A-4D86-9AE0-3DF852E3F504}.AppStore|Any CPU.Build.0 = Release|Any CPU
		{1A9E96F1-F66A-4D86-9AE0-3DF852E3F504}.AppStore|ARM.ActiveCfg = Release|Any CPU
		{1A9E96F1-F66A-4D86-9AE0-3DF852E3F504}.AppStore|ARM.Build.0 = Release|Any CPU
		{1A9E96F1-F66A-4D86-9AE0-3DF852E3F504}.AppStore|x64.ActiveCfg = Release|Any CPU
		{1A9E96F1-F66A-4D86-9AE0-3DF852E3F504}.AppStore|x64.Build.0 = Release|Any CPU
		{1A9E96F1-F66A-4D86-9AE0-3DF852E3F504}.AppStore|x86.ActiveCfg = Release|Any CPU
		{1A9E96F1-F66A-4D86-9AE0-3DF852E3F504}.AppStore|x86.Build.0 = Release|Any CPU
		{1A9E96F1-F66A-4D86-9AE0-3DF852E3F504}.Debug|Any CPU.ActiveCfg = Debug|Any CPU
		{1A9E96F1-F66A-4D86-9AE0-3DF852E3F504}.Debug|Any CPU.Build.0 = Debug|Any CPU
		{1A9E96F1-F66A-4D86-9AE0-3DF852E3F504}.Debug|ARM.ActiveCfg = Debug|Any CPU
		{1A9E96F1-F66A-4D86-9AE0-3DF852E3F504}.Debug|ARM.Build.0 = Debug|Any CPU
		{1A9E96F1-F66A-4D86-9AE0-3DF852E3F504}.Debug|x64.ActiveCfg = Debug|Any CPU
		{1A9E96F1-F66A-4D86-9AE0-3DF852E3F504}.Debug|x64.Build.0 = Debug|Any CPU
		{1A9E96F1-F66A-4D86-9AE0-3DF852E3F504}.Debug|x86.ActiveCfg = Debug|Any CPU
		{1A9E96F1-F66A-4D86-9AE0-3DF852E3F504}.Debug|x86.Build.0 = Debug|Any CPU
		{1A9E96F1-F66A-4D86-9AE0-3DF852E3F504}.Release|Any CPU.ActiveCfg = Release|Any CPU
		{1A9E96F1-F66A-4D86-9AE0-3DF852E3F504}.Release|Any CPU.Build.0 = Release|Any CPU
		{1A9E96F1-F66A-4D86-9AE0-3DF852E3F504}.Release|ARM.ActiveCfg = Release|Any CPU
		{1A9E96F1-F66A-4D86-9AE0-3DF852E3F504}.Release|ARM.Build.0 = Release|Any CPU
		{1A9E96F1-F66A-4D86-9AE0-3DF852E3F504}.Release|x64.ActiveCfg = Release|Any CPU
		{1A9E96F1-F66A-4D86-9AE0-3DF852E3F504}.Release|x64.Build.0 = Release|Any CPU
		{1A9E96F1-F66A-4D86-9AE0-3DF852E3F504}.Release|x86.ActiveCfg = Release|Any CPU
		{1A9E96F1-F66A-4D86-9AE0-3DF852E3F504}.Release|x86.Build.0 = Release|Any CPU
		{32F34F56-1D71-45F7-8FAA-5B8F2761DB17}.AppStore|Any CPU.ActiveCfg = AppStore|Any CPU
		{32F34F56-1D71-45F7-8FAA-5B8F2761DB17}.AppStore|Any CPU.Build.0 = AppStore|Any CPU
		{32F34F56-1D71-45F7-8FAA-5B8F2761DB17}.AppStore|ARM.ActiveCfg = AppStore|Any CPU
		{32F34F56-1D71-45F7-8FAA-5B8F2761DB17}.AppStore|ARM.Build.0 = AppStore|Any CPU
		{32F34F56-1D71-45F7-8FAA-5B8F2761DB17}.AppStore|x64.ActiveCfg = AppStore|Any CPU
		{32F34F56-1D71-45F7-8FAA-5B8F2761DB17}.AppStore|x64.Build.0 = AppStore|Any CPU
		{32F34F56-1D71-45F7-8FAA-5B8F2761DB17}.AppStore|x86.ActiveCfg = AppStore|Any CPU
		{32F34F56-1D71-45F7-8FAA-5B8F2761DB17}.AppStore|x86.Build.0 = AppStore|Any CPU
		{32F34F56-1D71-45F7-8FAA-5B8F2761DB17}.Debug|Any CPU.ActiveCfg = Debug|Any CPU
		{32F34F56-1D71-45F7-8FAA-5B8F2761DB17}.Debug|Any CPU.Build.0 = Debug|Any CPU
		{32F34F56-1D71-45F7-8FAA-5B8F2761DB17}.Debug|ARM.ActiveCfg = Debug|Any CPU
		{32F34F56-1D71-45F7-8FAA-5B8F2761DB17}.Debug|ARM.Build.0 = Debug|Any CPU
		{32F34F56-1D71-45F7-8FAA-5B8F2761DB17}.Debug|x64.ActiveCfg = Debug|Any CPU
		{32F34F56-1D71-45F7-8FAA-5B8F2761DB17}.Debug|x64.Build.0 = Debug|Any CPU
		{32F34F56-1D71-45F7-8FAA-5B8F2761DB17}.Debug|x86.ActiveCfg = Debug|Any CPU
		{32F34F56-1D71-45F7-8FAA-5B8F2761DB17}.Debug|x86.Build.0 = Debug|Any CPU
		{32F34F56-1D71-45F7-8FAA-5B8F2761DB17}.Release|Any CPU.ActiveCfg = Release|Any CPU
		{32F34F56-1D71-45F7-8FAA-5B8F2761DB17}.Release|Any CPU.Build.0 = Release|Any CPU
		{32F34F56-1D71-45F7-8FAA-5B8F2761DB17}.Release|ARM.ActiveCfg = Release|Any CPU
		{32F34F56-1D71-45F7-8FAA-5B8F2761DB17}.Release|ARM.Build.0 = Release|Any CPU
		{32F34F56-1D71-45F7-8FAA-5B8F2761DB17}.Release|x64.ActiveCfg = Release|Any CPU
		{32F34F56-1D71-45F7-8FAA-5B8F2761DB17}.Release|x64.Build.0 = Release|Any CPU
		{32F34F56-1D71-45F7-8FAA-5B8F2761DB17}.Release|x86.ActiveCfg = Release|Any CPU
		{32F34F56-1D71-45F7-8FAA-5B8F2761DB17}.Release|x86.Build.0 = Release|Any CPU
		{021A4B0C-81EF-4262-AA80-866DAA7830EE}.AppStore|Any CPU.ActiveCfg = Release|Any CPU
		{021A4B0C-81EF-4262-AA80-866DAA7830EE}.AppStore|Any CPU.Build.0 = Release|Any CPU
		{021A4B0C-81EF-4262-AA80-866DAA7830EE}.AppStore|ARM.ActiveCfg = Release|ARM
		{021A4B0C-81EF-4262-AA80-866DAA7830EE}.AppStore|ARM.Build.0 = Release|ARM
		{021A4B0C-81EF-4262-AA80-866DAA7830EE}.AppStore|x64.ActiveCfg = Release|x64
		{021A4B0C-81EF-4262-AA80-866DAA7830EE}.AppStore|x64.Build.0 = Release|x64
		{021A4B0C-81EF-4262-AA80-866DAA7830EE}.AppStore|x86.ActiveCfg = Release|x86
		{021A4B0C-81EF-4262-AA80-866DAA7830EE}.AppStore|x86.Build.0 = Release|x86
		{021A4B0C-81EF-4262-AA80-866DAA7830EE}.Debug|Any CPU.ActiveCfg = Debug|Any CPU
		{021A4B0C-81EF-4262-AA80-866DAA7830EE}.Debug|Any CPU.Build.0 = Debug|Any CPU
		{021A4B0C-81EF-4262-AA80-866DAA7830EE}.Debug|ARM.ActiveCfg = Debug|ARM
		{021A4B0C-81EF-4262-AA80-866DAA7830EE}.Debug|ARM.Build.0 = Debug|ARM
		{021A4B0C-81EF-4262-AA80-866DAA7830EE}.Debug|x64.ActiveCfg = Debug|x64
		{021A4B0C-81EF-4262-AA80-866DAA7830EE}.Debug|x64.Build.0 = Debug|x64
		{021A4B0C-81EF-4262-AA80-866DAA7830EE}.Debug|x86.ActiveCfg = Debug|x86
		{021A4B0C-81EF-4262-AA80-866DAA7830EE}.Debug|x86.Build.0 = Debug|x86
		{021A4B0C-81EF-4262-AA80-866DAA7830EE}.Release|Any CPU.ActiveCfg = Release|Any CPU
		{021A4B0C-81EF-4262-AA80-866DAA7830EE}.Release|Any CPU.Build.0 = Release|Any CPU
		{021A4B0C-81EF-4262-AA80-866DAA7830EE}.Release|ARM.ActiveCfg = Release|ARM
		{021A4B0C-81EF-4262-AA80-866DAA7830EE}.Release|ARM.Build.0 = Release|ARM
		{021A4B0C-81EF-4262-AA80-866DAA7830EE}.Release|x64.ActiveCfg = Release|x64
		{021A4B0C-81EF-4262-AA80-866DAA7830EE}.Release|x64.Build.0 = Release|x64
		{021A4B0C-81EF-4262-AA80-866DAA7830EE}.Release|x86.ActiveCfg = Release|x86
		{021A4B0C-81EF-4262-AA80-866DAA7830EE}.Release|x86.Build.0 = Release|x86
	EndGlobalSection
	GlobalSection(SolutionProperties) = preSolution
		HideSolutionNode = FALSE
	EndGlobalSection
	GlobalSection(MonoDevelopProperties) = preSolution
		StartupItem = tests\tests.csproj
		Policies = $0
		$0.TextStylePolicy = $6
		$1.inheritsSet = null
		$1.scope = application/x-mdp
		$0.StandardHeader = $2
		$2.Text = @\n ${FileName}\n \n Author:\n      ${AuthorName} <${AuthorEmail}>\n\n Copyright (c) ${Year} ${CopyrightHolder}\n\n This library is free software; you can redistribute it and/or modify\n it under the terms of the GNU Lesser General Public License as\n published by the Free Software Foundation; either version 2.1 of the\n License, or (at your option) any later version.\n\n This library is distributed in the hope that it will be useful, but\n WITHOUT ANY WARRANTY; without even the implied warranty of\n MERCHANTABILITY or FITNESS FOR A PARTICULAR PURPOSE. See the GNU\n Lesser General Public License for more details.\n\n You should have received a copy of the GNU Lesser General Public\n License along with this library; if not, write to the Free Software\n Foundation, Inc., 59 Temple Place, Suite 330, Boston, MA 02111-1307 USA
		$2.IncludeInNewFiles = True
		$0.DotNetNamingPolicy = $3
		$3.DirectoryNamespaceAssociation = None
		$3.ResourceNamePolicy = FileFormatDefault
		$4.inheritsSet = null
		$4.scope = text/x-csharp
		$0.CSharpFormattingPolicy = $5
		$5.inheritsSet = Mono
		$5.inheritsScope = text/x-csharp
		$5.scope = text/x-csharp
		$6.FileWidth = 120
		$6.TabWidth = 4
		$6.inheritsSet = Mono
		$6.inheritsScope = text/plain
		$6.scope = text/plain
		version = 2.0.4.0
		outputpath = build
	EndGlobalSection
EndGlobal
